
Microsoft Visual Studio Solution File, Format Version 12.00
# Visual Studio Version 17
VisualStudioVersion = 17.0.32014.148
MinimumVisualStudioVersion = 10.0.40219.1
Project("{FAE04EC0-301F-11D3-BF4B-00C04F79EFBC}") = "backend", "backend.csproj", "{673028C1-304A-428D-9C3F-15744E1D557F}"
EndProject
Global
	GlobalSection(SolutionConfigurationPlatforms) = preSolution
		Debug|Any CPU = Debug|Any CPU
		Release|Any CPU = Release|Any CPU
	EndGlobalSection
	GlobalSection(ProjectConfigurationPlatforms) = postSolution
		{673028C1-304A-428D-9C3F-15744E1D557F}.Debug|Any CPU.ActiveCfg = Debug|Any CPU
		{673028C1-304A-428D-9C3F-15744E1D557F}.Debug|Any CPU.Build.0 = Debug|Any CPU
		{673028C1-304A-428D-9C3F-15744E1D557F}.Release|Any CPU.ActiveCfg = Release|Any CPU
		{673028C1-304A-428D-9C3F-15744E1D557F}.Release|Any CPU.Build.0 = Release|Any CPU
	EndGlobalSection
	GlobalSection(SolutionProperties) = preSolution
		HideSolutionNode = FALSE
	EndGlobalSection
	GlobalSection(ExtensibilityGlobals) = postSolution
		SolutionGuid = {DDFABCB4-885B-4A46-AB20-7F2F67738F83}
	EndGlobalSection
EndGlobal
